
Microsoft Visual Studio Solution File, Format Version 12.00
# Visual Studio 15
VisualStudioVersion = 15.0.28307.572
MinimumVisualStudioVersion = 10.0.40219.1
Project("{9A19103F-16F7-4668-BE54-9A1E7A4F7556}") = "CutestCat", "CutestCat\CutestCat.csproj", "{9B4B629F-D390-4FB1-8DDD-3BF9EAF3B747}"
EndProject
Project("{9A19103F-16F7-4668-BE54-9A1E7A4F7556}") = "CutestCatTest", "CutestCatTest\CutestCatTest.csproj", "{527D7EE1-2FE7-450B-BB3B-55566ED3DA8E}"
EndProject
Project("{FAE04EC0-301F-11D3-BF4B-00C04F79EFBC}") = "CutestCatClient", "WebApplication1\CutestCatClient.csproj", "{EE67A055-8156-4458-A8B4-414CE9EFB1E7}"
EndProject
Global
	GlobalSection(SolutionConfigurationPlatforms) = preSolution
		Debug|Any CPU = Debug|Any CPU
		Release|Any CPU = Release|Any CPU
	EndGlobalSection
	GlobalSection(ProjectConfigurationPlatforms) = postSolution
		{9B4B629F-D390-4FB1-8DDD-3BF9EAF3B747}.Debug|Any CPU.ActiveCfg = Debug|Any CPU
		{9B4B629F-D390-4FB1-8DDD-3BF9EAF3B747}.Debug|Any CPU.Build.0 = Debug|Any CPU
		{9B4B629F-D390-4FB1-8DDD-3BF9EAF3B747}.Release|Any CPU.ActiveCfg = Release|Any CPU
		{9B4B629F-D390-4FB1-8DDD-3BF9EAF3B747}.Release|Any CPU.Build.0 = Release|Any CPU
		{527D7EE1-2FE7-450B-BB3B-55566ED3DA8E}.Debug|Any CPU.ActiveCfg = Debug|Any CPU
		{527D7EE1-2FE7-450B-BB3B-55566ED3DA8E}.Debug|Any CPU.Build.0 = Debug|Any CPU
		{527D7EE1-2FE7-450B-BB3B-55566ED3DA8E}.Release|Any CPU.ActiveCfg = Release|Any CPU
		{527D7EE1-2FE7-450B-BB3B-55566ED3DA8E}.Release|Any CPU.Build.0 = Release|Any CPU
		{EE67A055-8156-4458-A8B4-414CE9EFB1E7}.Debug|Any CPU.ActiveCfg = Debug|Any CPU
		{EE67A055-8156-4458-A8B4-414CE9EFB1E7}.Debug|Any CPU.Build.0 = Debug|Any CPU
		{EE67A055-8156-4458-A8B4-414CE9EFB1E7}.Release|Any CPU.ActiveCfg = Release|Any CPU
		{EE67A055-8156-4458-A8B4-414CE9EFB1E7}.Release|Any CPU.Build.0 = Release|Any CPU
	EndGlobalSection
	GlobalSection(SolutionProperties) = preSolution
		HideSolutionNode = FALSE
	EndGlobalSection
	GlobalSection(ExtensibilityGlobals) = postSolution
		SolutionGuid = {D598DDB2-CD7A-4A2F-A3D5-ECBE04116C97}
	EndGlobalSection
EndGlobal
